// !$*UTF8*$!
{
	archiveVersion = 1;
	classes = {
	};
	objectVersion = 46;
	objects = {

/* Begin PBXBuildFile section */
		B23011A6158A23A4008E8ADB /* UIKit.framework in Frameworks */ = {isa = PBXBuildFile; fileRef = B23011A5158A23A4008E8ADB /* UIKit.framework */; };
		B23011A8158A23A4008E8ADB /* Foundation.framework in Frameworks */ = {isa = PBXBuildFile; fileRef = B23011A7158A23A4008E8ADB /* Foundation.framework */; };
		B23011AA158A23A4008E8ADB /* CoreGraphics.framework in Frameworks */ = {isa = PBXBuildFile; fileRef = B23011A9158A23A4008E8ADB /* CoreGraphics.framework */; };
		B23011B0158A23A4008E8ADB /* InfoPlist.strings in Resources */ = {isa = PBXBuildFile; fileRef = B23011AE158A23A4008E8ADB /* InfoPlist.strings */; };
		B23011B2158A23A4008E8ADB /* main.m in Sources */ = {isa = PBXBuildFile; fileRef = B23011B1158A23A4008E8ADB /* main.m */; };
		B23011B6158A23A4008E8ADB /* AppDelegate.m in Sources */ = {isa = PBXBuildFile; fileRef = B23011B5158A23A4008E8ADB /* AppDelegate.m */; };
		B23011B9158A23A4008E8ADB /* MainStoryboard.storyboard in Resources */ = {isa = PBXBuildFile; fileRef = B23011B7158A23A4008E8ADB /* MainStoryboard.storyboard */; };
		B23011BC158A23A4008E8ADB /* ViewController.m in Sources */ = {isa = PBXBuildFile; fileRef = B23011BB158A23A4008E8ADB /* ViewController.m */; };
/* End PBXBuildFile section */

/* Begin PBXFileReference section */
		B23011A1158A23A4008E8ADB /* firstApp.app */ = {isa = PBXFileReference; explicitFileType = wrapper.application; includeInIndex = 0; path = firstApp.app; sourceTree = BUILT_PRODUCTS_DIR; };
		B23011A5158A23A4008E8ADB /* UIKit.framework */ = {isa = PBXFileReference; lastKnownFileType = wrapper.framework; name = UIKit.framework; path = System/Library/Frameworks/UIKit.framework; sourceTree = SDKROOT; };
		B23011A7158A23A4008E8ADB /* Foundation.framework */ = {isa = PBXFileReference; lastKnownFileType = wrapper.framework; name = Foundation.framework; path = System/Library/Frameworks/Foundation.framework; sourceTree = SDKROOT; };
		B23011A9158A23A4008E8ADB /* CoreGraphics.framework */ = {isa = PBXFileReference; lastKnownFileType = wrapper.framework; name = CoreGraphics.framework; path = System/Library/Frameworks/CoreGraphics.framework; sourceTree = SDKROOT; };
		B23011AD158A23A4008E8ADB /* firstApp-Info.plist */ = {isa = PBXFileReference; path = "firstApp-Info.plist"; sourceTree = "<group>"; };
		B23011AF158A23A4008E8ADB /* en */ = {isa = PBXFileReference; lastKnownFileType = text.plist.strings; name = en; path = en.lproj/InfoPlist.strings; sourceTree = "<group>"; };
		B23011B1158A23A4008E8ADB /* main.m */ = {isa = PBXFileReference; lastKnownFileType = sourcecode.c.objc; path = main.m; sourceTree = "<group>"; };
		B23011B3158A23A4008E8ADB /* firstApp-Prefix.pch */ = {isa = PBXFileReference; path = "firstApp-Prefix.pch"; sourceTree = "<group>"; };
		B23011B4158A23A4008E8ADB /* AppDelegate.h */ = {isa = PBXFileReference; path = AppDelegate.h; sourceTree = "<group>"; };
		B23011B5158A23A4008E8ADB /* AppDelegate.m */ = {isa = PBXFileReference; lastKnownFileType = sourcecode.c.objc; path = AppDelegate.m; sourceTree = "<group>"; };
		B23011B8158A23A4008E8ADB /* en */ = {isa = PBXFileReference; lastKnownFileType = file.storyboard; name = en; path = en.lproj/MainStoryboard.storyboard; sourceTree = "<group>"; };
		B23011BA158A23A4008E8ADB /* ViewController.h */ = {isa = PBXFileReference; path = ViewController.h; sourceTree = "<group>"; };
		B23011BB158A23A4008E8ADB /* ViewController.m */ = {isa = PBXFileReference; lastKnownFileType = sourcecode.c.objc; path = ViewController.m; sourceTree = "<group>"; };
/* End PBXFileReference section */

/* Begin PBXFrameworksBuildPhase section */
		B230119E158A23A4008E8ADB /* Frameworks */ = {
			isa = PBXFrameworksBuildPhase;
			buildActionMask = 2147483647;
			files = (
				B23011A6158A23A4008E8ADB /* UIKit.framework in Frameworks */,
				B23011A8158A23A4008E8ADB /* Foundation.framework in Frameworks */,
				B23011AA158A23A4008E8ADB /* CoreGraphics.framework in Frameworks */,
			);
			runOnlyForDeploymentPostprocessing = 0;
		};
/* End PBXFrameworksBuildPhase section */

/* Begin PBXGroup section */
		B2301196158A23A4008E8ADB = {
			isa = PBXGroup;
			children = (
				B23011AB158A23A4008E8ADB /* firstApp */,
				B23011A4158A23A4008E8ADB /* Frameworks */,
				B23011A2158A23A4008E8ADB /* Products */,
			);
			sourceTree = "<group>";
		};
		B23011A2158A23A4008E8ADB /* Products */ = {
			isa = PBXGroup;
			children = (
				B23011A1158A23A4008E8ADB /* firstApp.app */,
			);
			name = Products;
			sourceTree = "<group>";
		};
		B23011A4158A23A4008E8ADB /* Frameworks */ = {
			isa = PBXGroup;
			children = (
				B23011A5158A23A4008E8ADB /* UIKit.framework */,
				B23011A7158A23A4008E8ADB /* Foundation.framework */,
				B23011A9158A23A4008E8ADB /* CoreGraphics.framework */,
			);
			name = Frameworks;
			sourceTree = "<group>";
		};
		B23011AB158A23A4008E8ADB /* firstApp */ = {
			isa = PBXGroup;
			children = (
				B23011B4158A23A4008E8ADB /* AppDelegate.h */,
				B23011B5158A23A4008E8ADB /* AppDelegate.m */,
				B23011B7158A23A4008E8ADB /* MainStoryboard.storyboard */,
				B23011BA158A23A4008E8ADB /* ViewController.h */,
				B23011BB158A23A4008E8ADB /* ViewController.m */,
				B23011AC158A23A4008E8ADB /* Supporting Files */,
			);
			path = firstApp;
			sourceTree = "<group>";
		};
		B23011AC158A23A4008E8ADB /* Supporting Files */ = {
			isa = PBXGroup;
			children = (
				B23011AD158A23A4008E8ADB /* firstApp-Info.plist */,
				B23011AE158A23A4008E8ADB /* InfoPlist.strings */,
				B23011B1158A23A4008E8ADB /* main.m */,
				B23011B3158A23A4008E8ADB /* firstApp-Prefix.pch */,
			);
			name = "Supporting Files";
			sourceTree = "<group>";
		};
/* End PBXGroup section */

/* Begin PBXNativeTarget section */
		B23011A0158A23A4008E8ADB /* firstApp */ = {
			isa = PBXNativeTarget;
			buildConfigurationList = B23011BF158A23A4008E8ADB /* Build configuration list for PBXNativeTarget "firstApp" */;
			buildPhases = (
				B230119D158A23A4008E8ADB /* Sources */,
				B230119E158A23A4008E8ADB /* Frameworks */,
				B230119F158A23A4008E8ADB /* Resources */,
			);
			buildRules = (
			);
			dependencies = (
			);
			name = firstApp;
			productName = firstApp;
			productReference = B23011A1158A23A4008E8ADB /* firstApp.app */;
			productType = "com.apple.product-type.application";
		};
/* End PBXNativeTarget section */

/* Begin PBXProject section */
		B2301198158A23A4008E8ADB /* Project object */ = {
			isa = PBXProject;
			attributes = {
				LastUpgradeCheck = 0430;
				ORGANIZATIONNAME = "pongsil.v@gmail.com";
			};
			buildConfigurationList = B230119B158A23A4008E8ADB /* Build configuration list for PBXProject "firstApp" */;
			compatibilityVersion = "Xcode 3.2";
			developmentRegion = English;
			hasScannedForEncodings = 0;
			knownRegions = (
				en,
			);
			mainGroup = B2301196158A23A4008E8ADB;
			productRefGroup = B23011A2158A23A4008E8ADB /* Products */;
			projectDirPath = "";
			projectRoot = "";
			targets = (
				B23011A0158A23A4008E8ADB /* firstApp */,
			);
		};
/* End PBXProject section */

/* Begin PBXResourcesBuildPhase section */
		B230119F158A23A4008E8ADB /* Resources */ = {
			isa = PBXResourcesBuildPhase;
			buildActionMask = 2147483647;
			files = (
				B23011B0158A23A4008E8ADB /* InfoPlist.strings in Resources */,
				B23011B9158A23A4008E8ADB /* MainStoryboard.storyboard in Resources */,
			);
			runOnlyForDeploymentPostprocessing = 0;
		};
/* End PBXResourcesBuildPhase section */

/* Begin PBXSourcesBuildPhase section */
		B230119D158A23A4008E8ADB /* Sources */ = {
			isa = PBXSourcesBuildPhase;
			buildActionMask = 2147483647;
			files = (
				B23011B2158A23A4008E8ADB /* main.m in Sources */,
				B23011B6158A23A4008E8ADB /* AppDelegate.m in Sources */,
				B23011BC158A23A4008E8ADB /* ViewController.m in Sources */,
			);
			runOnlyForDeploymentPostprocessing = 0;
		};
/* End PBXSourcesBuildPhase section */

/* Begin PBXVariantGroup section */
		B23011AE158A23A4008E8ADB /* InfoPlist.strings */ = {
			isa = PBXVariantGroup;
			children = (
				B23011AF158A23A4008E8ADB /* en */,
			);
			name = InfoPlist.strings;
			sourceTree = "<group>";
		};
		B23011B7158A23A4008E8ADB /* MainStoryboard.storyboard */ = {
			isa = PBXVariantGroup;
			children = (
				B23011B8158A23A4008E8ADB /* en */,
			);
			name = MainStoryboard.storyboard;
			sourceTree = "<group>";
		};
/* End PBXVariantGroup section */

/* Begin XCBuildConfiguration section */
		B23011BD158A23A4008E8ADB /* Debug */ = {
			isa = XCBuildConfiguration;
			buildSettings = {
				ALWAYS_SEARCH_USER_PATHS = NO;
				ARCHS = "$(ARCHS_STANDARD_32_BIT)";
				CLANG_ENABLE_OBJC_ARC = YES;
				"CODE_SIGN_IDENTITY[sdk=iphoneos*]" = "iPhone Developer";
				COPY_PHASE_STRIP = NO;
				GCC_C_LANGUAGE_STANDARD = gnu99;
				GCC_DYNAMIC_NO_PIC = NO;
				GCC_OPTIMIZATION_LEVEL = 0;
				GCC_PREPROCESSOR_DEFINITIONS = (
					"DEBUG=1",
					"$(inherited)",
				);
				GCC_SYMBOLS_PRIVATE_EXTERN = NO;
				GCC_VERSION = com.apple.compilers.llvm.clang.1_0;
				GCC_WARN_ABOUT_RETURN_TYPE = YES;
				GCC_WARN_UNINITIALIZED_AUTOS = YES;
				GCC_WARN_UNUSED_VARIABLE = YES;
				IPHONEOS_DEPLOYMENT_TARGET = 5.1;
				SDKROOT = iphoneos;
			};
			name = Debug;
		};
		B23011BE158A23A4008E8ADB /* Release */ = {
			isa = XCBuildConfiguration;
			buildSettings = {
				ALWAYS_SEARCH_USER_PATHS = NO;
				ARCHS = "$(ARCHS_STANDARD_32_BIT)";
				CLANG_ENABLE_OBJC_ARC = YES;
				"CODE_SIGN_IDENTITY[sdk=iphoneos*]" = "iPhone Developer";
				COPY_PHASE_STRIP = YES;
				GCC_C_LANGUAGE_STANDARD = gnu99;
				GCC_VERSION = com.apple.compilers.llvm.clang.1_0;
				GCC_WARN_ABOUT_RETURN_TYPE = YES;
				GCC_WARN_UNINITIALIZED_AUTOS = YES;
				GCC_WARN_UNUSED_VARIABLE = YES;
				IPHONEOS_DEPLOYMENT_TARGET = 5.1;
				OTHER_CFLAGS = "-DNS_BLOCK_ASSERTIONS=1";
				SDKROOT = iphoneos;
				VALIDATE_PRODUCT = YES;
			};
			name = Release;
		};
		B23011C0158A23A4008E8ADB /* Debug */ = {
			isa = XCBuildConfiguration;
			buildSettings = {
				GCC_PRECOMPILE_PREFIX_HEADER = YES;
				GCC_PREFIX_HEADER = "firstApp/firstApp-Prefix.pch";
				INFOPLIST_FILE = "firstApp/firstApp-Info.plist";
				PRODUCT_NAME = "$(TARGET_NAME)";
				WRAPPER_EXTENSION = app;
			};
			name = Debug;
		};
		B23011C1158A23A4008E8ADB /* Release */ = {
			isa = XCBuildConfiguration;
			buildSettings = {
				GCC_PRECOMPILE_PREFIX_HEADER = YES;
				GCC_PREFIX_HEADER = "firstApp/firstApp-Prefix.pch";
				INFOPLIST_FILE = "firstApp/firstApp-Info.plist";
				PRODUCT_NAME = "$(TARGET_NAME)";
				WRAPPER_EXTENSION = app;
			};
			name = Release;
		};
/* End XCBuildConfiguration section */

/* Begin XCConfigurationList section */
		B230119B158A23A4008E8ADB /* Build configuration list for PBXProject "firstApp" */ = {
			isa = XCConfigurationList;
			buildConfigurations = (
				B23011BD158A23A4008E8ADB /* Debug */,
				B23011BE158A23A4008E8ADB /* Release */,
			);
			defaultConfigurationIsVisible = 0;
			defaultConfigurationName = Release;
		};
		B23011BF158A23A4008E8ADB /* Build configuration list for PBXNativeTarget "firstApp" */ = {
			isa = XCConfigurationList;
			buildConfigurations = (
				B23011C0158A23A4008E8ADB /* Debug */,
				B23011C1158A23A4008E8ADB /* Release */,
			);
			defaultConfigurationIsVisible = 0;
		};
/* End XCConfigurationList section */
	};
	rootObject = B2301198158A23A4008E8ADB /* Project object */;
}
